
Microsoft Visual Studio Solution File, Format Version 12.00
# Visual Studio Version 16
VisualStudioVersion = 16.0.28407.52
MinimumVisualStudioVersion = 10.0.40219.1
Project("{FAE04EC0-301F-11D3-BF4B-00C04F79EFBC}") = "VIETN", "VIETN.csproj", "{A608A523-A06F-4709-B8B9-77E24DEB2EFD}"
EndProject
Global
	GlobalSection(SolutionConfigurationPlatforms) = preSolution
		Debug|Any CPU = Debug|Any CPU
		Release|Any CPU = Release|Any CPU
	EndGlobalSection
	GlobalSection(ProjectConfigurationPlatforms) = postSolution
		{A608A523-A06F-4709-B8B9-77E24DEB2EFD}.Debug|Any CPU.ActiveCfg = Debug|Any CPU
		{A608A523-A06F-4709-B8B9-77E24DEB2EFD}.Debug|Any CPU.Build.0 = Debug|Any CPU
		{A608A523-A06F-4709-B8B9-77E24DEB2EFD}.Release|Any CPU.ActiveCfg = Release|Any CPU
		{A608A523-A06F-4709-B8B9-77E24DEB2EFD}.Release|Any CPU.Build.0 = Release|Any CPU
	EndGlobalSection
	GlobalSection(SolutionProperties) = preSolution
		HideSolutionNode = FALSE
	EndGlobalSection
	GlobalSection(ExtensibilityGlobals) = postSolution
		SolutionGuid = {635C9AF2-A32F-4622-B009-C8ACFFB9218E}
	EndGlobalSection
EndGlobal
